
Microsoft Visual Studio Solution File, Format Version 12.00
# Visual Studio Version 17
VisualStudioVersion = 17.2.32616.157
MinimumVisualStudioVersion = 10.0.40219.1
Project("{FAE04EC0-301F-11D3-BF4B-00C04F79EFBC}") = "WebAPI", "WebAPI\WebAPI.csproj", "{D9768D9D-9ED6-4E02-8DA0-CE238CCEA10F}"
EndProject
Global
	GlobalSection(SolutionConfigurationPlatforms) = preSolution
		Debug|Any CPU = Debug|Any CPU
		Release|Any CPU = Release|Any CPU
	EndGlobalSection
	GlobalSection(ProjectConfigurationPlatforms) = postSolution
		{D9768D9D-9ED6-4E02-8DA0-CE238CCEA10F}.Debug|Any CPU.ActiveCfg = Debug|Any CPU
		{D9768D9D-9ED6-4E02-8DA0-CE238CCEA10F}.Debug|Any CPU.Build.0 = Debug|Any CPU
		{D9768D9D-9ED6-4E02-8DA0-CE238CCEA10F}.Release|Any CPU.ActiveCfg = Release|Any CPU
		{D9768D9D-9ED6-4E02-8DA0-CE238CCEA10F}.Release|Any CPU.Build.0 = Release|Any CPU
	EndGlobalSection
	GlobalSection(SolutionProperties) = preSolution
		HideSolutionNode = FALSE
	EndGlobalSection
	GlobalSection(ExtensibilityGlobals) = postSolution
		SolutionGuid = {2FB59050-4CEF-4045-BC14-A44E42DA866B}
	EndGlobalSection
EndGlobal
